
Microsoft Visual Studio Solution File, Format Version 12.00
# Visual Studio 15
VisualStudioVersion = 15.0.27428.2005
MinimumVisualStudioVersion = 10.0.40219.1
Project("{FAE04EC0-301F-11D3-BF4B-00C04F79EFBC}") = "MyApp.Api", "MyApp.Api\MyApp.Api.csproj", "{CC96EEC4-9703-4DF7-ABE9-7BBC5CA2E1CB}"
EndProject
Project("{2150E333-8FDC-42A3-9474-1A3956D46DE8}") = "Frameworks", "Frameworks", "{221057D3-8404-41E9-B312-FFF6820552CD}"
EndProject
Project("{2150E333-8FDC-42A3-9474-1A3956D46DE8}") = "progects", "progects", "{AA1E236E-4DAC-498A-97FB-603B28594371}"
EndProject
Project("{FAE04EC0-301F-11D3-BF4B-00C04F79EFBC}") = "MyApp.Data", "MyApp.Data\MyApp.Data.csproj", "{0958D68A-55A2-4130-A23C-894E407F92DE}"
EndProject
Project("{FAE04EC0-301F-11D3-BF4B-00C04F79EFBC}") = "MyApp.Services", "MyApp.Services\MyApp.Services.csproj", "{40355D89-05C0-4386-B199-7F81011A0C32}"
EndProject
Project("{FAE04EC0-301F-11D3-BF4B-00C04F79EFBC}") = "MyApp.Web", "MyApp.Web\MyApp.Web.csproj", "{7F8AAEF3-461C-4706-B25C-4A94D9FB86D8}"
EndProject
Global
	GlobalSection(SolutionConfigurationPlatforms) = preSolution
		Debug|Any CPU = Debug|Any CPU
		Release|Any CPU = Release|Any CPU
	EndGlobalSection
	GlobalSection(ProjectConfigurationPlatforms) = postSolution
		{CC96EEC4-9703-4DF7-ABE9-7BBC5CA2E1CB}.Debug|Any CPU.ActiveCfg = Debug|Any CPU
		{CC96EEC4-9703-4DF7-ABE9-7BBC5CA2E1CB}.Debug|Any CPU.Build.0 = Debug|Any CPU
		{CC96EEC4-9703-4DF7-ABE9-7BBC5CA2E1CB}.Release|Any CPU.ActiveCfg = Release|Any CPU
		{CC96EEC4-9703-4DF7-ABE9-7BBC5CA2E1CB}.Release|Any CPU.Build.0 = Release|Any CPU
		{0958D68A-55A2-4130-A23C-894E407F92DE}.Debug|Any CPU.ActiveCfg = Debug|Any CPU
		{0958D68A-55A2-4130-A23C-894E407F92DE}.Debug|Any CPU.Build.0 = Debug|Any CPU
		{0958D68A-55A2-4130-A23C-894E407F92DE}.Release|Any CPU.ActiveCfg = Release|Any CPU
		{0958D68A-55A2-4130-A23C-894E407F92DE}.Release|Any CPU.Build.0 = Release|Any CPU
		{40355D89-05C0-4386-B199-7F81011A0C32}.Debug|Any CPU.ActiveCfg = Debug|Any CPU
		{40355D89-05C0-4386-B199-7F81011A0C32}.Debug|Any CPU.Build.0 = Debug|Any CPU
		{40355D89-05C0-4386-B199-7F81011A0C32}.Release|Any CPU.ActiveCfg = Release|Any CPU
		{40355D89-05C0-4386-B199-7F81011A0C32}.Release|Any CPU.Build.0 = Release|Any CPU
		{7F8AAEF3-461C-4706-B25C-4A94D9FB86D8}.Debug|Any CPU.ActiveCfg = Debug|Any CPU
		{7F8AAEF3-461C-4706-B25C-4A94D9FB86D8}.Debug|Any CPU.Build.0 = Debug|Any CPU
		{7F8AAEF3-461C-4706-B25C-4A94D9FB86D8}.Release|Any CPU.ActiveCfg = Release|Any CPU
		{7F8AAEF3-461C-4706-B25C-4A94D9FB86D8}.Release|Any CPU.Build.0 = Release|Any CPU
	EndGlobalSection
	GlobalSection(SolutionProperties) = preSolution
		HideSolutionNode = FALSE
	EndGlobalSection
	GlobalSection(NestedProjects) = preSolution
		{AA1E236E-4DAC-498A-97FB-603B28594371} = {221057D3-8404-41E9-B312-FFF6820552CD}
		{0958D68A-55A2-4130-A23C-894E407F92DE} = {AA1E236E-4DAC-498A-97FB-603B28594371}
		{40355D89-05C0-4386-B199-7F81011A0C32} = {AA1E236E-4DAC-498A-97FB-603B28594371}
	EndGlobalSection
	GlobalSection(ExtensibilityGlobals) = postSolution
		SolutionGuid = {A789256E-8AC6-4857-A850-B5FCF826E022}
	EndGlobalSection
EndGlobal
